
Microsoft Visual Studio Solution File, Format Version 12.00
# Visual Studio Version 17
VisualStudioVersion = 17.4.33205.214
MinimumVisualStudioVersion = 10.0.40219.1
Project("{FAE04EC0-301F-11D3-BF4B-00C04F79EFBC}") = "gitpipe", "gitpipe\gitpipe.csproj", "{C2D424D2-8B95-47B1-89F4-98F0BD46FDD5}"
EndProject
Global
	GlobalSection(SolutionConfigurationPlatforms) = preSolution
		Debug|Any CPU = Debug|Any CPU
		Release|Any CPU = Release|Any CPU
	EndGlobalSection
	GlobalSection(ProjectConfigurationPlatforms) = postSolution
		{C2D424D2-8B95-47B1-89F4-98F0BD46FDD5}.Debug|Any CPU.ActiveCfg = Debug|Any CPU
		{C2D424D2-8B95-47B1-89F4-98F0BD46FDD5}.Debug|Any CPU.Build.0 = Debug|Any CPU
		{C2D424D2-8B95-47B1-89F4-98F0BD46FDD5}.Release|Any CPU.ActiveCfg = Release|Any CPU
		{C2D424D2-8B95-47B1-89F4-98F0BD46FDD5}.Release|Any CPU.Build.0 = Release|Any CPU
	EndGlobalSection
	GlobalSection(SolutionProperties) = preSolution
		HideSolutionNode = FALSE
	EndGlobalSection
	GlobalSection(ExtensibilityGlobals) = postSolution
		SolutionGuid = {B35772E9-C8A4-4114-81A6-1D013BCE950D}
	EndGlobalSection
EndGlobal
